
Microsoft Visual Studio Solution File, Format Version 12.00
# Visual Studio 15
Project("{FAE04EC0-301F-11D3-BF4B-00C04F79EFBC}") = "Assembly-CSharp", "Assembly-CSharp.csproj", "{A009C229-7B2C-593D-CB3D-AAD1B5A2123A}"
EndProject
Project("{FAE04EC0-301F-11D3-BF4B-00C04F79EFBC}") = "Assembly-CSharp-Editor", "Assembly-CSharp-Editor.csproj", "{4AFE96B8-A234-EBAA-2EBD-83F79BDFE2F5}"
EndProject
Global
	GlobalSection(SolutionConfigurationPlatforms) = preSolution
		Debug|Any CPU = Debug|Any CPU
		Release|Any CPU = Release|Any CPU
	EndGlobalSection
	GlobalSection(ProjectConfigurationPlatforms) = postSolution
		{A009C229-7B2C-593D-CB3D-AAD1B5A2123A}.Debug|Any CPU.ActiveCfg = Debug|Any CPU
		{A009C229-7B2C-593D-CB3D-AAD1B5A2123A}.Debug|Any CPU.Build.0 = Debug|Any CPU
		{A009C229-7B2C-593D-CB3D-AAD1B5A2123A}.Release|Any CPU.ActiveCfg = Release|Any CPU
		{A009C229-7B2C-593D-CB3D-AAD1B5A2123A}.Release|Any CPU.Build.0 = Release|Any CPU
		{4AFE96B8-A234-EBAA-2EBD-83F79BDFE2F5}.Debug|Any CPU.ActiveCfg = Debug|Any CPU
		{4AFE96B8-A234-EBAA-2EBD-83F79BDFE2F5}.Debug|Any CPU.Build.0 = Debug|Any CPU
		{4AFE96B8-A234-EBAA-2EBD-83F79BDFE2F5}.Release|Any CPU.ActiveCfg = Release|Any CPU
		{4AFE96B8-A234-EBAA-2EBD-83F79BDFE2F5}.Release|Any CPU.Build.0 = Release|Any CPU
	EndGlobalSection
	GlobalSection(SolutionProperties) = preSolution
		HideSolutionNode = FALSE
	EndGlobalSection
EndGlobal
